version: 1.0
shards:
  ameba:
    github: veelenga/ameba
    version: 0.8.1

  awscr-s3:
    github: taylorfinnell/awscr-s3
    version: 0.3.3

  awscr-signer:
    github: taylorfinnell/awscr-signer
    version: 0.5.3

  blank:
    github: kostya/blank
    version: 0.1.0

  callback:
    github: mosop/callback
    version: 0.6.3

  cli:
    github: mosop/cli
    version: 0.7.0

  cry:
    github: paulcsmith/cry
    version: 0.4.0

  crytic:
    github: hanneskaeufler/crytic
    commit: e401093ea87c5e53551aa3f7352adc3631002199

  db:
    github: crystal-lang/crystal-db
    version: 0.5.1

  exception_page:
    github: crystal-loot/exception_page
    version: 0.1.1

  habitat:
    github: luckyframework/habitat
    version: 0.4.0

  lucky:
    github: luckyframework/lucky
    version: 0.12.0

  lucky_cli:
    github: luckyframework/lucky_cli
    version: 0.12.0

  lucky_record:
    github: luckyframework/lucky_record
    version: 0.7.0

  lucky_router:
    github: luckyframework/lucky_router
    version: 0.2.2

  optarg:
    github: mosop/optarg
    version: 0.5.8

  pg:
    github: will/crystal-pg
    version: 0.15.0

  shell-table:
    github: luckyframework/shell-table.cr
    commit: 078a04ea58ead5203bb435a3b5fff448ddabaeea

  sitemapper:
    github: jwoertink/sitemapper
    version: 0.4.0

  string_inflection:
    github: mosop/string_inflection
    version: 0.2.1

  teeplate:
    github: mosop/teeplate
    version: 0.7.0

  wordsmith:
    github: luckyframework/wordsmith
    version: 0.2.0

