version: 1.0
shards:
  ameba:
    github: veelenga/ameba
    version: 0.8.0

  awscr-s3:
    github: taylorfinnell/awscr-s3
    version: 0.3.2

  awscr-signer:
    github: taylorfinnell/awscr-signer
    version: 0.5.2

  blank:
    github: kostya/blank
    version: 0.1.0

  crytic:
    github: hanneskaeufler/crytic
    commit: ca76db61e38757b20c1d379ef91b3b6b1be869ca

  db:
    github: crystal-lang/crystal-db
    version: 0.5.0

  diff:
    github: hanneskaeufler/crystal-diff
    commit: 63227e2dc60adc04e6ad219e05c3e8c40c786c00

  habitat:
    github: luckyframework/habitat
    version: 0.3.0

  lucky:
    github: luckyframework/lucky
    version: 0.11.1

  lucky_cli:
    github: luckyframework/lucky_cli
    version: 0.11.0

  lucky_inflector:
    github: luckyframework/lucky_inflector
    version: 0.1.1

  lucky_migrator:
    github: luckyframework/lucky_migrator
    version: 0.6.0

  lucky_record:
    github: luckyframework/lucky_record
    version: 0.6.1

  lucky_router:
    github: luckyframework/lucky_router
    version: 0.2.1

  pg:
    github: will/crystal-pg
    version: 0.15.0

  shell-table:
    github: luckyframework/shell-table.cr
    commit: 078a04ea58ead5203bb435a3b5fff448ddabaeea

  sitemapper:
    github: jwoertink/sitemapper
    version: 0.4.0

  teeplate:
    github: mosop/teeplate
    version: 0.6.1

